// !$*UTF8*$!
{
	archiveVersion = 1;
	classes = {
	};
	objectVersion = 50;
	objects = {

/* Begin PBXBuildFile section */
		866D05C6216CABFE00FEA2D5 /* AppDelegate.m in Sources */ = {isa = PBXBuildFile; fileRef = 866D05C5216CABFE00FEA2D5 /* AppDelegate.m */; };
		866D05C9216CABFE00FEA2D5 /* ViewController.m in Sources */ = {isa = PBXBuildFile; fileRef = 866D05C8216CABFE00FEA2D5 /* ViewController.m */; };
		866D05CC216CABFE00FEA2D5 /* Main.storyboard in Resources */ = {isa = PBXBuildFile; fileRef = 866D05CA216CABFE00FEA2D5 /* Main.storyboard */; };
		866D05CE216CABFF00FEA2D5 /* Assets.xcassets in Resources */ = {isa = PBXBuildFile; fileRef = 866D05CD216CABFF00FEA2D5 /* Assets.xcassets */; };
		866D05D1216CABFF00FEA2D5 /* LaunchScreen.storyboard in Resources */ = {isa = PBXBuildFile; fileRef = 866D05CF216CABFF00FEA2D5 /* LaunchScreen.storyboard */; };
		866D05D4216CABFF00FEA2D5 /* main.m in Sources */ = {isa = PBXBuildFile; fileRef = 866D05D3216CABFF00FEA2D5 /* main.m */; };
		866D0601216CAC3400FEA2D5 /* FoldButtonsViewConfig.m in Sources */ = {isa = PBXBuildFile; fileRef = 866D05DB216CAC3300FEA2D5 /* FoldButtonsViewConfig.m */; };
		866D0602216CAC3400FEA2D5 /* FoldButtonsView.m in Sources */ = {isa = PBXBuildFile; fileRef = 866D05DD216CAC3300FEA2D5 /* FoldButtonsView.m */; };
		866D0603216CAC3400FEA2D5 /* BaseTextView.m in Sources */ = {isa = PBXBuildFile; fileRef = 866D05E2216CAC3300FEA2D5 /* BaseTextView.m */; };
		866D0604216CAC3400FEA2D5 /* NSString+FiltrateRuler.m in Sources */ = {isa = PBXBuildFile; fileRef = 866D05E4216CAC3300FEA2D5 /* NSString+FiltrateRuler.m */; };
		866D0605216CAC3400FEA2D5 /* NSAttributedString+FiltrateRuler.m in Sources */ = {isa = PBXBuildFile; fileRef = 866D05E5216CAC3300FEA2D5 /* NSAttributedString+FiltrateRuler.m */; };
		866D0606216CAC3400FEA2D5 /* AttributedStrFiltrateRuler.m in Sources */ = {isa = PBXBuildFile; fileRef = 866D05E6216CAC3300FEA2D5 /* AttributedStrFiltrateRuler.m */; };
		866D0607216CAC3400FEA2D5 /* NSString+StringHandler.m in Sources */ = {isa = PBXBuildFile; fileRef = 866D05EA216CAC3300FEA2D5 /* NSString+StringHandler.m */; };
		866D0608216CAC3400FEA2D5 /* NSMutableAttributedString+ChangeStyle.m in Sources */ = {isa = PBXBuildFile; fileRef = 866D05EF216CAC3300FEA2D5 /* NSMutableAttributedString+ChangeStyle.m */; };
		866D0609216CAC3400FEA2D5 /* MutableAttributedStringStyleEventHandler.m in Sources */ = {isa = PBXBuildFile; fileRef = 866D05F1216CAC3300FEA2D5 /* MutableAttributedStringStyleEventHandler.m */; };
		866D060A216CAC3400FEA2D5 /* BaseLabel.m in Sources */ = {isa = PBXBuildFile; fileRef = 866D05F2216CAC3300FEA2D5 /* BaseLabel.m */; };
		866D060B216CAC3400FEA2D5 /* NSObject+T.m in Sources */ = {isa = PBXBuildFile; fileRef = 866D05F8216CAC3300FEA2D5 /* NSObject+T.m */; };
		866D060C216CAC3400FEA2D5 /* NSObject+SignalHandler.m in Sources */ = {isa = PBXBuildFile; fileRef = 866D05F9216CAC3300FEA2D5 /* NSObject+SignalHandler.m */; };
		866D060D216CAC3400FEA2D5 /* UILabel+Handler.m in Sources */ = {isa = PBXBuildFile; fileRef = 866D05FC216CAC3300FEA2D5 /* UILabel+Handler.m */; };
		866D060E216CAC3400FEA2D5 /* UIButton+Handler.m in Sources */ = {isa = PBXBuildFile; fileRef = 866D05FF216CAC3300FEA2D5 /* UIButton+Handler.m */; };
		866D060F216CAC3400FEA2D5 /* UIView+Handler.m in Sources */ = {isa = PBXBuildFile; fileRef = 866D0600216CAC3300FEA2D5 /* UIView+Handler.m */; };
		866D062A216CACC400FEA2D5 /* NSLayoutConstraint+MASDebugAdditions.m in Sources */ = {isa = PBXBuildFile; fileRef = 866D0612216CACC400FEA2D5 /* NSLayoutConstraint+MASDebugAdditions.m */; };
		866D062B216CACC400FEA2D5 /* ViewController+MASAdditions.m in Sources */ = {isa = PBXBuildFile; fileRef = 866D061B216CACC400FEA2D5 /* ViewController+MASAdditions.m */; };
		866D062C216CACC400FEA2D5 /* MASCompositeConstraint.m in Sources */ = {isa = PBXBuildFile; fileRef = 866D061F216CACC400FEA2D5 /* MASCompositeConstraint.m */; };
		866D062D216CACC400FEA2D5 /* MASConstraintMaker.m in Sources */ = {isa = PBXBuildFile; fileRef = 866D0620216CACC400FEA2D5 /* MASConstraintMaker.m */; };
		866D062E216CACC400FEA2D5 /* MASLayoutConstraint.m in Sources */ = {isa = PBXBuildFile; fileRef = 866D0621216CACC400FEA2D5 /* MASLayoutConstraint.m */; };
		866D062F216CACC400FEA2D5 /* NSArray+MASAdditions.m in Sources */ = {isa = PBXBuildFile; fileRef = 866D0622216CACC400FEA2D5 /* NSArray+MASAdditions.m */; };
		866D0630216CACC400FEA2D5 /* View+MASAdditions.m in Sources */ = {isa = PBXBuildFile; fileRef = 866D0623216CACC400FEA2D5 /* View+MASAdditions.m */; };
		866D0631216CACC400FEA2D5 /* MASConstraint.m in Sources */ = {isa = PBXBuildFile; fileRef = 866D0626216CACC400FEA2D5 /* MASConstraint.m */; };
		866D0632216CACC400FEA2D5 /* MASViewConstraint.m in Sources */ = {isa = PBXBuildFile; fileRef = 866D0628216CACC400FEA2D5 /* MASViewConstraint.m */; };
		866D0633216CACC400FEA2D5 /* MASViewAttribute.m in Sources */ = {isa = PBXBuildFile; fileRef = 866D0629216CACC400FEA2D5 /* MASViewAttribute.m */; };
/* End PBXBuildFile section */

/* Begin PBXFileReference section */
		866D05C1216CABFE00FEA2D5 /* FoldButtonsView.app */ = {isa = PBXFileReference; explicitFileType = wrapper.application; includeInIndex = 0; path = FoldButtonsView.app; sourceTree = BUILT_PRODUCTS_DIR; };
		866D05C4216CABFE00FEA2D5 /* AppDelegate.h */ = {isa = PBXFileReference; lastKnownFileType = sourcecode.c.h; path = AppDelegate.h; sourceTree = "<group>"; };
		866D05C5216CABFE00FEA2D5 /* AppDelegate.m */ = {isa = PBXFileReference; lastKnownFileType = sourcecode.c.objc; path = AppDelegate.m; sourceTree = "<group>"; };
		866D05C7216CABFE00FEA2D5 /* ViewController.h */ = {isa = PBXFileReference; lastKnownFileType = sourcecode.c.h; path = ViewController.h; sourceTree = "<group>"; };
		866D05C8216CABFE00FEA2D5 /* ViewController.m */ = {isa = PBXFileReference; lastKnownFileType = sourcecode.c.objc; path = ViewController.m; sourceTree = "<group>"; };
		866D05CB216CABFE00FEA2D5 /* Base */ = {isa = PBXFileReference; lastKnownFileType = file.storyboard; name = Base; path = Base.lproj/Main.storyboard; sourceTree = "<group>"; };
		866D05CD216CABFF00FEA2D5 /* Assets.xcassets */ = {isa = PBXFileReference; lastKnownFileType = folder.assetcatalog; path = Assets.xcassets; sourceTree = "<group>"; };
		866D05D0216CABFF00FEA2D5 /* Base */ = {isa = PBXFileReference; lastKnownFileType = file.storyboard; name = Base; path = Base.lproj/LaunchScreen.storyboard; sourceTree = "<group>"; };
		866D05D2216CABFF00FEA2D5 /* Info.plist */ = {isa = PBXFileReference; lastKnownFileType = text.plist.xml; path = Info.plist; sourceTree = "<group>"; };
		866D05D3216CABFF00FEA2D5 /* main.m */ = {isa = PBXFileReference; lastKnownFileType = sourcecode.c.objc; path = main.m; sourceTree = "<group>"; };
		866D05DB216CAC3300FEA2D5 /* FoldButtonsViewConfig.m */ = {isa = PBXFileReference; fileEncoding = 4; lastKnownFileType = sourcecode.c.objc; path = FoldButtonsViewConfig.m; sourceTree = "<group>"; };
		866D05DC216CAC3300FEA2D5 /* FoldButtonsView.h */ = {isa = PBXFileReference; fileEncoding = 4; lastKnownFileType = sourcecode.c.h; path = FoldButtonsView.h; sourceTree = "<group>"; };
		866D05DD216CAC3300FEA2D5 /* FoldButtonsView.m */ = {isa = PBXFileReference; fileEncoding = 4; lastKnownFileType = sourcecode.c.objc; path = FoldButtonsView.m; sourceTree = "<group>"; };
		866D05DE216CAC3300FEA2D5 /* FoldButtonsViewConfig.h */ = {isa = PBXFileReference; fileEncoding = 4; lastKnownFileType = sourcecode.c.h; path = FoldButtonsViewConfig.h; sourceTree = "<group>"; };
		866D05E0216CAC3300FEA2D5 /* BaseTextView.h */ = {isa = PBXFileReference; fileEncoding = 4; lastKnownFileType = sourcecode.c.h; path = BaseTextView.h; sourceTree = "<group>"; };
		866D05E1216CAC3300FEA2D5 /* BaseLabel.h */ = {isa = PBXFileReference; fileEncoding = 4; lastKnownFileType = sourcecode.c.h; path = BaseLabel.h; sourceTree = "<group>"; };
		866D05E2216CAC3300FEA2D5 /* BaseTextView.m */ = {isa = PBXFileReference; fileEncoding = 4; lastKnownFileType = sourcecode.c.objc; path = BaseTextView.m; sourceTree = "<group>"; };
		866D05E4216CAC3300FEA2D5 /* NSString+FiltrateRuler.m */ = {isa = PBXFileReference; fileEncoding = 4; lastKnownFileType = sourcecode.c.objc; path = "NSString+FiltrateRuler.m"; sourceTree = "<group>"; };
		866D05E5216CAC3300FEA2D5 /* NSAttributedString+FiltrateRuler.m */ = {isa = PBXFileReference; fileEncoding = 4; lastKnownFileType = sourcecode.c.objc; path = "NSAttributedString+FiltrateRuler.m"; sourceTree = "<group>"; };
		866D05E6216CAC3300FEA2D5 /* AttributedStrFiltrateRuler.m */ = {isa = PBXFileReference; fileEncoding = 4; lastKnownFileType = sourcecode.c.objc; path = AttributedStrFiltrateRuler.m; sourceTree = "<group>"; };
		866D05E7216CAC3300FEA2D5 /* NSString+StringHandler.h */ = {isa = PBXFileReference; fileEncoding = 4; lastKnownFileType = sourcecode.c.h; path = "NSString+StringHandler.h"; sourceTree = "<group>"; };
		866D05E8216CAC3300FEA2D5 /* NSString+FiltrateRuler.h */ = {isa = PBXFileReference; fileEncoding = 4; lastKnownFileType = sourcecode.c.h; path = "NSString+FiltrateRuler.h"; sourceTree = "<group>"; };
		866D05E9216CAC3300FEA2D5 /* NSAttributedString+FiltrateRuler.h */ = {isa = PBXFileReference; fileEncoding = 4; lastKnownFileType = sourcecode.c.h; path = "NSAttributedString+FiltrateRuler.h"; sourceTree = "<group>"; };
		866D05EA216CAC3300FEA2D5 /* NSString+StringHandler.m */ = {isa = PBXFileReference; fileEncoding = 4; lastKnownFileType = sourcecode.c.objc; path = "NSString+StringHandler.m"; sourceTree = "<group>"; };
		866D05EB216CAC3300FEA2D5 /* AttributedStrFiltrateRuler.h */ = {isa = PBXFileReference; fileEncoding = 4; lastKnownFileType = sourcecode.c.h; path = AttributedStrFiltrateRuler.h; sourceTree = "<group>"; };
		866D05ED216CAC3300FEA2D5 /* NSMutableAttributedString+ChangeStyle.h */ = {isa = PBXFileReference; fileEncoding = 4; lastKnownFileType = sourcecode.c.h; path = "NSMutableAttributedString+ChangeStyle.h"; sourceTree = "<group>"; };
		866D05EE216CAC3300FEA2D5 /* MutableAttributedStringStyleEventHandler.h */ = {isa = PBXFileReference; fileEncoding = 4; lastKnownFileType = sourcecode.c.h; path = MutableAttributedStringStyleEventHandler.h; sourceTree = "<group>"; };
		866D05EF216CAC3300FEA2D5 /* NSMutableAttributedString+ChangeStyle.m */ = {isa = PBXFileReference; fileEncoding = 4; lastKnownFileType = sourcecode.c.objc; path = "NSMutableAttributedString+ChangeStyle.m"; sourceTree = "<group>"; };
		866D05F0216CAC3300FEA2D5 /* NSMutableAttributedStringChangeStyleKey.h */ = {isa = PBXFileReference; fileEncoding = 4; lastKnownFileType = sourcecode.c.h; path = NSMutableAttributedStringChangeStyleKey.h; sourceTree = "<group>"; };
		866D05F1216CAC3300FEA2D5 /* MutableAttributedStringStyleEventHandler.m */ = {isa = PBXFileReference; fileEncoding = 4; lastKnownFileType = sourcecode.c.objc; path = MutableAttributedStringStyleEventHandler.m; sourceTree = "<group>"; };
		866D05F2216CAC3300FEA2D5 /* BaseLabel.m */ = {isa = PBXFileReference; fileEncoding = 4; lastKnownFileType = sourcecode.c.objc; path = BaseLabel.m; sourceTree = "<group>"; };
		866D05F6216CAC3300FEA2D5 /* NSObject+T.h */ = {isa = PBXFileReference; fileEncoding = 4; lastKnownFileType = sourcecode.c.h; path = "NSObject+T.h"; sourceTree = "<group>"; };
		866D05F7216CAC3300FEA2D5 /* NSObject+SignalHandler.h */ = {isa = PBXFileReference; fileEncoding = 4; lastKnownFileType = sourcecode.c.h; path = "NSObject+SignalHandler.h"; sourceTree = "<group>"; };
		866D05F8216CAC3300FEA2D5 /* NSObject+T.m */ = {isa = PBXFileReference; fileEncoding = 4; lastKnownFileType = sourcecode.c.objc; path = "NSObject+T.m"; sourceTree = "<group>"; };
		866D05F9216CAC3300FEA2D5 /* NSObject+SignalHandler.m */ = {isa = PBXFileReference; fileEncoding = 4; lastKnownFileType = sourcecode.c.objc; path = "NSObject+SignalHandler.m"; sourceTree = "<group>"; };
		866D05FB216CAC3300FEA2D5 /* UIButton+Handler.h */ = {isa = PBXFileReference; fileEncoding = 4; lastKnownFileType = sourcecode.c.h; path = "UIButton+Handler.h"; sourceTree = "<group>"; };
		866D05FC216CAC3300FEA2D5 /* UILabel+Handler.m */ = {isa = PBXFileReference; fileEncoding = 4; lastKnownFileType = sourcecode.c.objc; path = "UILabel+Handler.m"; sourceTree = "<group>"; };
		866D05FD216CAC3300FEA2D5 /* UIView+Handler.h */ = {isa = PBXFileReference; fileEncoding = 4; lastKnownFileType = sourcecode.c.h; path = "UIView+Handler.h"; sourceTree = "<group>"; };
		866D05FE216CAC3300FEA2D5 /* UILabel+Handler.h */ = {isa = PBXFileReference; fileEncoding = 4; lastKnownFileType = sourcecode.c.h; path = "UILabel+Handler.h"; sourceTree = "<group>"; };
		866D05FF216CAC3300FEA2D5 /* UIButton+Handler.m */ = {isa = PBXFileReference; fileEncoding = 4; lastKnownFileType = sourcecode.c.objc; path = "UIButton+Handler.m"; sourceTree = "<group>"; };
		866D0600216CAC3300FEA2D5 /* UIView+Handler.m */ = {isa = PBXFileReference; fileEncoding = 4; lastKnownFileType = sourcecode.c.objc; path = "UIView+Handler.m"; sourceTree = "<group>"; };
		866D0611216CACC400FEA2D5 /* MASCompositeConstraint.h */ = {isa = PBXFileReference; fileEncoding = 4; lastKnownFileType = sourcecode.c.h; path = MASCompositeConstraint.h; sourceTree = "<group>"; };
		866D0612216CACC400FEA2D5 /* NSLayoutConstraint+MASDebugAdditions.m */ = {isa = PBXFileReference; fileEncoding = 4; lastKnownFileType = sourcecode.c.objc; path = "NSLayoutConstraint+MASDebugAdditions.m"; sourceTree = "<group>"; };
		866D0613216CACC400FEA2D5 /* MASConstraint+Private.h */ = {isa = PBXFileReference; fileEncoding = 4; lastKnownFileType = sourcecode.c.h; path = "MASConstraint+Private.h"; sourceTree = "<group>"; };
		866D0614216CACC400FEA2D5 /* MASLayoutConstraint.h */ = {isa = PBXFileReference; fileEncoding = 4; lastKnownFileType = sourcecode.c.h; path = MASLayoutConstraint.h; sourceTree = "<group>"; };
		866D0615216CACC400FEA2D5 /* NSArray+MASShorthandAdditions.h */ = {isa = PBXFileReference; fileEncoding = 4; lastKnownFileType = sourcecode.c.h; path = "NSArray+MASShorthandAdditions.h"; sourceTree = "<group>"; };
		866D0616216CACC400FEA2D5 /* MASConstraintMaker.h */ = {isa = PBXFileReference; fileEncoding = 4; lastKnownFileType = sourcecode.c.h; path = MASConstraintMaker.h; sourceTree = "<group>"; };
		866D0617216CACC400FEA2D5 /* View+MASAdditions.h */ = {isa = PBXFileReference; fileEncoding = 4; lastKnownFileType = sourcecode.c.h; path = "View+MASAdditions.h"; sourceTree = "<group>"; };
		866D0618216CACC400FEA2D5 /* NSArray+MASAdditions.h */ = {isa = PBXFileReference; fileEncoding = 4; lastKnownFileType = sourcecode.c.h; path = "NSArray+MASAdditions.h"; sourceTree = "<group>"; };
		866D0619216CACC400FEA2D5 /* MASUtilities.h */ = {isa = PBXFileReference; fileEncoding = 4; lastKnownFileType = sourcecode.c.h; path = MASUtilities.h; sourceTree = "<group>"; };
		866D061A216CACC400FEA2D5 /* MASViewAttribute.h */ = {isa = PBXFileReference; fileEncoding = 4; lastKnownFileType = sourcecode.c.h; path = MASViewAttribute.h; sourceTree = "<group>"; };
		866D061B216CACC400FEA2D5 /* ViewController+MASAdditions.m */ = {isa = PBXFileReference; fileEncoding = 4; lastKnownFileType = sourcecode.c.objc; path = "ViewController+MASAdditions.m"; sourceTree = "<group>"; };
		866D061C216CACC400FEA2D5 /* MASViewConstraint.h */ = {isa = PBXFileReference; fileEncoding = 4; lastKnownFileType = sourcecode.c.h; path = MASViewConstraint.h; sourceTree = "<group>"; };
		866D061D216CACC400FEA2D5 /* MASConstraint.h */ = {isa = PBXFileReference; fileEncoding = 4; lastKnownFileType = sourcecode.c.h; path = MASConstraint.h; sourceTree = "<group>"; };
		866D061E216CACC400FEA2D5 /* NSLayoutConstraint+MASDebugAdditions.h */ = {isa = PBXFileReference; fileEncoding = 4; lastKnownFileType = sourcecode.c.h; path = "NSLayoutConstraint+MASDebugAdditions.h"; sourceTree = "<group>"; };
		866D061F216CACC400FEA2D5 /* MASCompositeConstraint.m */ = {isa = PBXFileReference; fileEncoding = 4; lastKnownFileType = sourcecode.c.objc; path = MASCompositeConstraint.m; sourceTree = "<group>"; };
		866D0620216CACC400FEA2D5 /* MASConstraintMaker.m */ = {isa = PBXFileReference; fileEncoding = 4; lastKnownFileType = sourcecode.c.objc; path = MASConstraintMaker.m; sourceTree = "<group>"; };
		866D0621216CACC400FEA2D5 /* MASLayoutConstraint.m */ = {isa = PBXFileReference; fileEncoding = 4; lastKnownFileType = sourcecode.c.objc; path = MASLayoutConstraint.m; sourceTree = "<group>"; };
		866D0622216CACC400FEA2D5 /* NSArray+MASAdditions.m */ = {isa = PBXFileReference; fileEncoding = 4; lastKnownFileType = sourcecode.c.objc; path = "NSArray+MASAdditions.m"; sourceTree = "<group>"; };
		866D0623216CACC400FEA2D5 /* View+MASAdditions.m */ = {isa = PBXFileReference; fileEncoding = 4; lastKnownFileType = sourcecode.c.objc; path = "View+MASAdditions.m"; sourceTree = "<group>"; };
		866D0624216CACC400FEA2D5 /* View+MASShorthandAdditions.h */ = {isa = PBXFileReference; fileEncoding = 4; lastKnownFileType = sourcecode.c.h; path = "View+MASShorthandAdditions.h"; sourceTree = "<group>"; };
		866D0625216CACC400FEA2D5 /* Masonry.h */ = {isa = PBXFileReference; fileEncoding = 4; lastKnownFileType = sourcecode.c.h; path = Masonry.h; sourceTree = "<group>"; };
		866D0626216CACC400FEA2D5 /* MASConstraint.m */ = {isa = PBXFileReference; fileEncoding = 4; lastKnownFileType = sourcecode.c.objc; path = MASConstraint.m; sourceTree = "<group>"; };
		866D0627216CACC400FEA2D5 /* ViewController+MASAdditions.h */ = {isa = PBXFileReference; fileEncoding = 4; lastKnownFileType = sourcecode.c.h; path = "ViewController+MASAdditions.h"; sourceTree = "<group>"; };
		866D0628216CACC400FEA2D5 /* MASViewConstraint.m */ = {isa = PBXFileReference; fileEncoding = 4; lastKnownFileType = sourcecode.c.objc; path = MASViewConstraint.m; sourceTree = "<group>"; };
		866D0629216CACC400FEA2D5 /* MASViewAttribute.m */ = {isa = PBXFileReference; fileEncoding = 4; lastKnownFileType = sourcecode.c.objc; path = MASViewAttribute.m; sourceTree = "<group>"; };
/* End PBXFileReference section */

/* Begin PBXFrameworksBuildPhase section */
		866D05BE216CABFE00FEA2D5 /* Frameworks */ = {
			isa = PBXFrameworksBuildPhase;
			buildActionMask = 2147483647;
			files = (
			);
			runOnlyForDeploymentPostprocessing = 0;
		};
/* End PBXFrameworksBuildPhase section */

/* Begin PBXGroup section */
		866D05B8216CABFE00FEA2D5 = {
			isa = PBXGroup;
			children = (
				866D05C3216CABFE00FEA2D5 /* FoldButtonsView */,
				866D05C2216CABFE00FEA2D5 /* Products */,
			);
			sourceTree = "<group>";
		};
		866D05C2216CABFE00FEA2D5 /* Products */ = {
			isa = PBXGroup;
			children = (
				866D05C1216CABFE00FEA2D5 /* FoldButtonsView.app */,
			);
			name = Products;
			sourceTree = "<group>";
		};
		866D05C3216CABFE00FEA2D5 /* FoldButtonsView */ = {
			isa = PBXGroup;
			children = (
				866D0610216CACC400FEA2D5 /* Masonry */,
				866D05DF216CAC3300FEA2D5 /* BaseTextView */,
				866D05F3216CAC3300FEA2D5 /* Extension */,
				866D05DA216CAC3300FEA2D5 /* FoldButtonsView */,
				866D05C4216CABFE00FEA2D5 /* AppDelegate.h */,
				866D05C5216CABFE00FEA2D5 /* AppDelegate.m */,
				866D05C7216CABFE00FEA2D5 /* ViewController.h */,
				866D05C8216CABFE00FEA2D5 /* ViewController.m */,
				866D05CA216CABFE00FEA2D5 /* Main.storyboard */,
				866D05CD216CABFF00FEA2D5 /* Assets.xcassets */,
				866D05CF216CABFF00FEA2D5 /* LaunchScreen.storyboard */,
				866D05D2216CABFF00FEA2D5 /* Info.plist */,
				866D05D3216CABFF00FEA2D5 /* main.m */,
			);
			path = FoldButtonsView;
			sourceTree = "<group>";
		};
		866D05DA216CAC3300FEA2D5 /* FoldButtonsView */ = {
			isa = PBXGroup;
			children = (
				866D05DB216CAC3300FEA2D5 /* FoldButtonsViewConfig.m */,
				866D05DC216CAC3300FEA2D5 /* FoldButtonsView.h */,
				866D05DD216CAC3300FEA2D5 /* FoldButtonsView.m */,
				866D05DE216CAC3300FEA2D5 /* FoldButtonsViewConfig.h */,
			);
			path = FoldButtonsView;
			sourceTree = "<group>";
		};
		866D05DF216CAC3300FEA2D5 /* BaseTextView */ = {
			isa = PBXGroup;
			children = (
				866D05E0216CAC3300FEA2D5 /* BaseTextView.h */,
				866D05E1216CAC3300FEA2D5 /* BaseLabel.h */,
				866D05E2216CAC3300FEA2D5 /* BaseTextView.m */,
				866D05E3216CAC3300FEA2D5 /* FiltrateRuler */,
				866D05EC216CAC3300FEA2D5 /* AttributedStringStyle */,
				866D05F2216CAC3300FEA2D5 /* BaseLabel.m */,
			);
			path = BaseTextView;
			sourceTree = "<group>";
		};
		866D05E3216CAC3300FEA2D5 /* FiltrateRuler */ = {
			isa = PBXGroup;
			children = (
				866D05E4216CAC3300FEA2D5 /* NSString+FiltrateRuler.m */,
				866D05E5216CAC3300FEA2D5 /* NSAttributedString+FiltrateRuler.m */,
				866D05E6216CAC3300FEA2D5 /* AttributedStrFiltrateRuler.m */,
				866D05E7216CAC3300FEA2D5 /* NSString+StringHandler.h */,
				866D05E8216CAC3300FEA2D5 /* NSString+FiltrateRuler.h */,
				866D05E9216CAC3300FEA2D5 /* NSAttributedString+FiltrateRuler.h */,
				866D05EA216CAC3300FEA2D5 /* NSString+StringHandler.m */,
				866D05EB216CAC3300FEA2D5 /* AttributedStrFiltrateRuler.h */,
			);
			path = FiltrateRuler;
			sourceTree = "<group>";
		};
		866D05EC216CAC3300FEA2D5 /* AttributedStringStyle */ = {
			isa = PBXGroup;
			children = (
				866D05ED216CAC3300FEA2D5 /* NSMutableAttributedString+ChangeStyle.h */,
				866D05EE216CAC3300FEA2D5 /* MutableAttributedStringStyleEventHandler.h */,
				866D05EF216CAC3300FEA2D5 /* NSMutableAttributedString+ChangeStyle.m */,
				866D05F0216CAC3300FEA2D5 /* NSMutableAttributedStringChangeStyleKey.h */,
				866D05F1216CAC3300FEA2D5 /* MutableAttributedStringStyleEventHandler.m */,
			);
			path = AttributedStringStyle;
			sourceTree = "<group>";
		};
		866D05F3216CAC3300FEA2D5 /* Extension */ = {
			isa = PBXGroup;
			children = (
				866D05F4216CAC3300FEA2D5 /* NSObjectExtension */,
				866D05FA216CAC3300FEA2D5 /* UIViewExtension */,
			);
			path = Extension;
			sourceTree = "<group>";
		};
		866D05F4216CAC3300FEA2D5 /* NSObjectExtension */ = {
			isa = PBXGroup;
			children = (
				866D05F5216CAC3300FEA2D5 /* Event */,
			);
			path = NSObjectExtension;
			sourceTree = "<group>";
		};
		866D05F5216CAC3300FEA2D5 /* Event */ = {
			isa = PBXGroup;
			children = (
				866D05F6216CAC3300FEA2D5 /* NSObject+T.h */,
				866D05F7216CAC3300FEA2D5 /* NSObject+SignalHandler.h */,
				866D05F8216CAC3300FEA2D5 /* NSObject+T.m */,
				866D05F9216CAC3300FEA2D5 /* NSObject+SignalHandler.m */,
			);
			path = Event;
			sourceTree = "<group>";
		};
		866D05FA216CAC3300FEA2D5 /* UIViewExtension */ = {
			isa = PBXGroup;
			children = (
				866D05FB216CAC3300FEA2D5 /* UIButton+Handler.h */,
				866D05FC216CAC3300FEA2D5 /* UILabel+Handler.m */,
				866D05FD216CAC3300FEA2D5 /* UIView+Handler.h */,
				866D05FE216CAC3300FEA2D5 /* UILabel+Handler.h */,
				866D05FF216CAC3300FEA2D5 /* UIButton+Handler.m */,
				866D0600216CAC3300FEA2D5 /* UIView+Handler.m */,
			);
			path = UIViewExtension;
			sourceTree = "<group>";
		};
		866D0610216CACC400FEA2D5 /* Masonry */ = {
			isa = PBXGroup;
			children = (
				866D0611216CACC400FEA2D5 /* MASCompositeConstraint.h */,
				866D0612216CACC400FEA2D5 /* NSLayoutConstraint+MASDebugAdditions.m */,
				866D0613216CACC400FEA2D5 /* MASConstraint+Private.h */,
				866D0614216CACC400FEA2D5 /* MASLayoutConstraint.h */,
				866D0615216CACC400FEA2D5 /* NSArray+MASShorthandAdditions.h */,
				866D0616216CACC400FEA2D5 /* MASConstraintMaker.h */,
				866D0617216CACC400FEA2D5 /* View+MASAdditions.h */,
				866D0618216CACC400FEA2D5 /* NSArray+MASAdditions.h */,
				866D0619216CACC400FEA2D5 /* MASUtilities.h */,
				866D061A216CACC400FEA2D5 /* MASViewAttribute.h */,
				866D061B216CACC400FEA2D5 /* ViewController+MASAdditions.m */,
				866D061C216CACC400FEA2D5 /* MASViewConstraint.h */,
				866D061D216CACC400FEA2D5 /* MASConstraint.h */,
				866D061E216CACC400FEA2D5 /* NSLayoutConstraint+MASDebugAdditions.h */,
				866D061F216CACC400FEA2D5 /* MASCompositeConstraint.m */,
				866D0620216CACC400FEA2D5 /* MASConstraintMaker.m */,
				866D0621216CACC400FEA2D5 /* MASLayoutConstraint.m */,
				866D0622216CACC400FEA2D5 /* NSArray+MASAdditions.m */,
				866D0623216CACC400FEA2D5 /* View+MASAdditions.m */,
				866D0624216CACC400FEA2D5 /* View+MASShorthandAdditions.h */,
				866D0625216CACC400FEA2D5 /* Masonry.h */,
				866D0626216CACC400FEA2D5 /* MASConstraint.m */,
				866D0627216CACC400FEA2D5 /* ViewController+MASAdditions.h */,
				866D0628216CACC400FEA2D5 /* MASViewConstraint.m */,
				866D0629216CACC400FEA2D5 /* MASViewAttribute.m */,
			);
			path = Masonry;
			sourceTree = "<group>";
		};
/* End PBXGroup section */

/* Begin PBXNativeTarget section */
		866D05C0216CABFE00FEA2D5 /* FoldButtonsView */ = {
			isa = PBXNativeTarget;
			buildConfigurationList = 866D05D7216CABFF00FEA2D5 /* Build configuration list for PBXNativeTarget "FoldButtonsView" */;
			buildPhases = (
				866D05BD216CABFE00FEA2D5 /* Sources */,
				866D05BE216CABFE00FEA2D5 /* Frameworks */,
				866D05BF216CABFE00FEA2D5 /* Resources */,
			);
			buildRules = (
			);
			dependencies = (
			);
			name = FoldButtonsView;
			productName = FoldButtonsView;
			productReference = 866D05C1216CABFE00FEA2D5 /* FoldButtonsView.app */;
			productType = "com.apple.product-type.application";
		};
/* End PBXNativeTarget section */

/* Begin PBXProject section */
		866D05B9216CABFE00FEA2D5 /* Project object */ = {
			isa = PBXProject;
			attributes = {
				LastUpgradeCheck = 0940;
				ORGANIZATIONNAME = 13lipengyue;
				TargetAttributes = {
					866D05C0216CABFE00FEA2D5 = {
						CreatedOnToolsVersion = 9.4.1;
					};
				};
			};
			buildConfigurationList = 866D05BC216CABFE00FEA2D5 /* Build configuration list for PBXProject "FoldButtonsView" */;
			compatibilityVersion = "Xcode 9.3";
			developmentRegion = en;
			hasScannedForEncodings = 0;
			knownRegions = (
				en,
				Base,
			);
			mainGroup = 866D05B8216CABFE00FEA2D5;
			productRefGroup = 866D05C2216CABFE00FEA2D5 /* Products */;
			projectDirPath = "";
			projectRoot = "";
			targets = (
				866D05C0216CABFE00FEA2D5 /* FoldButtonsView */,
			);
		};
/* End PBXProject section */

/* Begin PBXResourcesBuildPhase section */
		866D05BF216CABFE00FEA2D5 /* Resources */ = {
			isa = PBXResourcesBuildPhase;
			buildActionMask = 2147483647;
			files = (
				866D05D1216CABFF00FEA2D5 /* LaunchScreen.storyboard in Resources */,
				866D05CE216CABFF00FEA2D5 /* Assets.xcassets in Resources */,
				866D05CC216CABFE00FEA2D5 /* Main.storyboard in Resources */,
			);
			runOnlyForDeploymentPostprocessing = 0;
		};
/* End PBXResourcesBuildPhase section */

/* Begin PBXSourcesBuildPhase section */
		866D05BD216CABFE00FEA2D5 /* Sources */ = {
			isa = PBXSourcesBuildPhase;
			buildActionMask = 2147483647;
			files = (
				866D060C216CAC3400FEA2D5 /* NSObject+SignalHandler.m in Sources */,
				866D0633216CACC400FEA2D5 /* MASViewAttribute.m in Sources */,
				866D0603216CAC3400FEA2D5 /* BaseTextView.m in Sources */,
				866D0605216CAC3400FEA2D5 /* NSAttributedString+FiltrateRuler.m in Sources */,
				866D060D216CAC3400FEA2D5 /* UILabel+Handler.m in Sources */,
				866D05C9216CABFE00FEA2D5 /* ViewController.m in Sources */,
				866D060E216CAC3400FEA2D5 /* UIButton+Handler.m in Sources */,
				866D062B216CACC400FEA2D5 /* ViewController+MASAdditions.m in Sources */,
				866D0609216CAC3400FEA2D5 /* MutableAttributedStringStyleEventHandler.m in Sources */,
				866D0630216CACC400FEA2D5 /* View+MASAdditions.m in Sources */,
				866D0632216CACC400FEA2D5 /* MASViewConstraint.m in Sources */,
				866D0606216CAC3400FEA2D5 /* AttributedStrFiltrateRuler.m in Sources */,
				866D062D216CACC400FEA2D5 /* MASConstraintMaker.m in Sources */,
				866D062A216CACC400FEA2D5 /* NSLayoutConstraint+MASDebugAdditions.m in Sources */,
				866D0631216CACC400FEA2D5 /* MASConstraint.m in Sources */,
				866D062C216CACC400FEA2D5 /* MASCompositeConstraint.m in Sources */,
				866D062E216CACC400FEA2D5 /* MASLayoutConstraint.m in Sources */,
				866D05D4216CABFF00FEA2D5 /* main.m in Sources */,
				866D05C6216CABFE00FEA2D5 /* AppDelegate.m in Sources */,
				866D0602216CAC3400FEA2D5 /* FoldButtonsView.m in Sources */,
				866D0601216CAC3400FEA2D5 /* FoldButtonsViewConfig.m in Sources */,
				866D0608216CAC3400FEA2D5 /* NSMutableAttributedString+ChangeStyle.m in Sources */,
				866D060F216CAC3400FEA2D5 /* UIView+Handler.m in Sources */,
				866D060A216CAC3400FEA2D5 /* BaseLabel.m in Sources */,
				866D062F216CACC400FEA2D5 /* NSArray+MASAdditions.m in Sources */,
				866D0604216CAC3400FEA2D5 /* NSString+FiltrateRuler.m in Sources */,
				866D060B216CAC3400FEA2D5 /* NSObject+T.m in Sources */,
				866D0607216CAC3400FEA2D5 /* NSString+StringHandler.m in Sources */,
			);
			runOnlyForDeploymentPostprocessing = 0;
		};
/* End PBXSourcesBuildPhase section */

/* Begin PBXVariantGroup section */
		866D05CA216CABFE00FEA2D5 /* Main.storyboard */ = {
			isa = PBXVariantGroup;
			children = (
				866D05CB216CABFE00FEA2D5 /* Base */,
			);
			name = Main.storyboard;
			sourceTree = "<group>";
		};
		866D05CF216CABFF00FEA2D5 /* LaunchScreen.storyboard */ = {
			isa = PBXVariantGroup;
			children = (
				866D05D0216CABFF00FEA2D5 /* Base */,
			);
			name = LaunchScreen.storyboard;
			sourceTree = "<group>";
		};
/* End PBXVariantGroup section */

/* Begin XCBuildConfiguration section */
		866D05D5216CABFF00FEA2D5 /* Debug */ = {
			isa = XCBuildConfiguration;
			buildSettings = {
				ALWAYS_SEARCH_USER_PATHS = NO;
				CLANG_ANALYZER_NONNULL = YES;
				CLANG_ANALYZER_NUMBER_OBJECT_CONVERSION = YES_AGGRESSIVE;
				CLANG_CXX_LANGUAGE_STANDARD = "gnu++14";
				CLANG_CXX_LIBRARY = "libc++";
				CLANG_ENABLE_MODULES = YES;
				CLANG_ENABLE_OBJC_ARC = YES;
				CLANG_ENABLE_OBJC_WEAK = YES;
				CLANG_WARN_BLOCK_CAPTURE_AUTORELEASING = YES;
				CLANG_WARN_BOOL_CONVERSION = YES;
				CLANG_WARN_COMMA = YES;
				CLANG_WARN_CONSTANT_CONVERSION = YES;
				CLANG_WARN_DEPRECATED_OBJC_IMPLEMENTATIONS = YES;
				CLANG_WARN_DIRECT_OBJC_ISA_USAGE = YES_ERROR;
				CLANG_WARN_DOCUMENTATION_COMMENTS = YES;
				CLANG_WARN_EMPTY_BODY = YES;
				CLANG_WARN_ENUM_CONVERSION = YES;
				CLANG_WARN_INFINITE_RECURSION = YES;
				CLANG_WARN_INT_CONVERSION = YES;
				CLANG_WARN_NON_LITERAL_NULL_CONVERSION = YES;
				CLANG_WARN_OBJC_IMPLICIT_RETAIN_SELF = YES;
				CLANG_WARN_OBJC_LITERAL_CONVERSION = YES;
				CLANG_WARN_OBJC_ROOT_CLASS = YES_ERROR;
				CLANG_WARN_RANGE_LOOP_ANALYSIS = YES;
				CLANG_WARN_STRICT_PROTOTYPES = YES;
				CLANG_WARN_SUSPICIOUS_MOVE = YES;
				CLANG_WARN_UNGUARDED_AVAILABILITY = YES_AGGRESSIVE;
				CLANG_WARN_UNREACHABLE_CODE = YES;
				CLANG_WARN__DUPLICATE_METHOD_MATCH = YES;
				CODE_SIGN_IDENTITY = "iPhone Developer";
				COPY_PHASE_STRIP = NO;
				DEBUG_INFORMATION_FORMAT = dwarf;
				ENABLE_STRICT_OBJC_MSGSEND = YES;
				ENABLE_TESTABILITY = YES;
				GCC_C_LANGUAGE_STANDARD = gnu11;
				GCC_DYNAMIC_NO_PIC = NO;
				GCC_NO_COMMON_BLOCKS = YES;
				GCC_OPTIMIZATION_LEVEL = 0;
				GCC_PREPROCESSOR_DEFINITIONS = (
					"DEBUG=1",
					"$(inherited)",
				);
				GCC_WARN_64_TO_32_BIT_CONVERSION = YES;
				GCC_WARN_ABOUT_RETURN_TYPE = YES_ERROR;
				GCC_WARN_UNDECLARED_SELECTOR = YES;
				GCC_WARN_UNINITIALIZED_AUTOS = YES_AGGRESSIVE;
				GCC_WARN_UNUSED_FUNCTION = YES;
				GCC_WARN_UNUSED_VARIABLE = YES;
				IPHONEOS_DEPLOYMENT_TARGET = 11.4;
				MTL_ENABLE_DEBUG_INFO = YES;
				ONLY_ACTIVE_ARCH = YES;
				SDKROOT = iphoneos;
			};
			name = Debug;
		};
		866D05D6216CABFF00FEA2D5 /* Release */ = {
			isa = XCBuildConfiguration;
			buildSettings = {
				ALWAYS_SEARCH_USER_PATHS = NO;
				CLANG_ANALYZER_NONNULL = YES;
				CLANG_ANALYZER_NUMBER_OBJECT_CONVERSION = YES_AGGRESSIVE;
				CLANG_CXX_LANGUAGE_STANDARD = "gnu++14";
				CLANG_CXX_LIBRARY = "libc++";
				CLANG_ENABLE_MODULES = YES;
				CLANG_ENABLE_OBJC_ARC = YES;
				CLANG_ENABLE_OBJC_WEAK = YES;
				CLANG_WARN_BLOCK_CAPTURE_AUTORELEASING = YES;
				CLANG_WARN_BOOL_CONVERSION = YES;
				CLANG_WARN_COMMA = YES;
				CLANG_WARN_CONSTANT_CONVERSION = YES;
				CLANG_WARN_DEPRECATED_OBJC_IMPLEMENTATIONS = YES;
				CLANG_WARN_DIRECT_OBJC_ISA_USAGE = YES_ERROR;
				CLANG_WARN_DOCUMENTATION_COMMENTS = YES;
				CLANG_WARN_EMPTY_BODY = YES;
				CLANG_WARN_ENUM_CONVERSION = YES;
				CLANG_WARN_INFINITE_RECURSION = YES;
				CLANG_WARN_INT_CONVERSION = YES;
				CLANG_WARN_NON_LITERAL_NULL_CONVERSION = YES;
				CLANG_WARN_OBJC_IMPLICIT_RETAIN_SELF = YES;
				CLANG_WARN_OBJC_LITERAL_CONVERSION = YES;
				CLANG_WARN_OBJC_ROOT_CLASS = YES_ERROR;
				CLANG_WARN_RANGE_LOOP_ANALYSIS = YES;
				CLANG_WARN_STRICT_PROTOTYPES = YES;
				CLANG_WARN_SUSPICIOUS_MOVE = YES;
				CLANG_WARN_UNGUARDED_AVAILABILITY = YES_AGGRESSIVE;
				CLANG_WARN_UNREACHABLE_CODE = YES;
				CLANG_WARN__DUPLICATE_METHOD_MATCH = YES;
				CODE_SIGN_IDENTITY = "iPhone Developer";
				COPY_PHASE_STRIP = NO;
				DEBUG_INFORMATION_FORMAT = "dwarf-with-dsym";
				ENABLE_NS_ASSERTIONS = NO;
				ENABLE_STRICT_OBJC_MSGSEND = YES;
				GCC_C_LANGUAGE_STANDARD = gnu11;
				GCC_NO_COMMON_BLOCKS = YES;
				GCC_WARN_64_TO_32_BIT_CONVERSION = YES;
				GCC_WARN_ABOUT_RETURN_TYPE = YES_ERROR;
				GCC_WARN_UNDECLARED_SELECTOR = YES;
				GCC_WARN_UNINITIALIZED_AUTOS = YES_AGGRESSIVE;
				GCC_WARN_UNUSED_FUNCTION = YES;
				GCC_WARN_UNUSED_VARIABLE = YES;
				IPHONEOS_DEPLOYMENT_TARGET = 11.4;
				MTL_ENABLE_DEBUG_INFO = NO;
				SDKROOT = iphoneos;
				VALIDATE_PRODUCT = YES;
			};
			name = Release;
		};
		866D05D8216CABFF00FEA2D5 /* Debug */ = {
			isa = XCBuildConfiguration;
			buildSettings = {
				ASSETCATALOG_COMPILER_APPICON_NAME = AppIcon;
				CODE_SIGN_STYLE = Automatic;
				DEVELOPMENT_TEAM = W7835H6QQA;
				INFOPLIST_FILE = FoldButtonsView/Info.plist;
				IPHONEOS_DEPLOYMENT_TARGET = 9.2;
				LD_RUNPATH_SEARCH_PATHS = (
					"$(inherited)",
					"@executable_path/Frameworks",
				);
				PRODUCT_BUNDLE_IDENTIFIER = pengYueLi.FoldButtonsView;
				PRODUCT_NAME = "$(TARGET_NAME)";
				TARGETED_DEVICE_FAMILY = "1,2";
			};
			name = Debug;
		};
		866D05D9216CABFF00FEA2D5 /* Release */ = {
			isa = XCBuildConfiguration;
			buildSettings = {
				ASSETCATALOG_COMPILER_APPICON_NAME = AppIcon;
				CODE_SIGN_STYLE = Automatic;
				DEVELOPMENT_TEAM = W7835H6QQA;
				INFOPLIST_FILE = FoldButtonsView/Info.plist;
				IPHONEOS_DEPLOYMENT_TARGET = 9.2;
				LD_RUNPATH_SEARCH_PATHS = (
					"$(inherited)",
					"@executable_path/Frameworks",
				);
				PRODUCT_BUNDLE_IDENTIFIER = pengYueLi.FoldButtonsView;
				PRODUCT_NAME = "$(TARGET_NAME)";
				TARGETED_DEVICE_FAMILY = "1,2";
			};
			name = Release;
		};
/* End XCBuildConfiguration section */

/* Begin XCConfigurationList section */
		866D05BC216CABFE00FEA2D5 /* Build configuration list for PBXProject "FoldButtonsView" */ = {
			isa = XCConfigurationList;
			buildConfigurations = (
				866D05D5216CABFF00FEA2D5 /* Debug */,
				866D05D6216CABFF00FEA2D5 /* Release */,
			);
			defaultConfigurationIsVisible = 0;
			defaultConfigurationName = Release;
		};
		866D05D7216CABFF00FEA2D5 /* Build configuration list for PBXNativeTarget "FoldButtonsView" */ = {
			isa = XCConfigurationList;
			buildConfigurations = (
				866D05D8216CABFF00FEA2D5 /* Debug */,
				866D05D9216CABFF00FEA2D5 /* Release */,
			);
			defaultConfigurationIsVisible = 0;
			defaultConfigurationName = Release;
		};
/* End XCConfigurationList section */
	};
	rootObject = 866D05B9216CABFE00FEA2D5 /* Project object */;
}
